// !$*UTF8*$!
{
	archiveVersion = 1;
	classes = {
	};
	objectVersion = 46;
	objects = {

/* Begin PBXBuildFile section */
		188A8284BD225A95386F83EB /* Foundation.framework in Frameworks */ = {isa = PBXBuildFile; fileRef = 188A81B9E756AFFBE535000F /* Foundation.framework */; };
		188A8C6CCAB8F4094C275428 /* main.m in Sources */ = {isa = PBXBuildFile; fileRef = 188A870C9BA43CD2D2CD49B9 /* main.m */; };
		5DD7E60F16FB65E70025E88D /* SenTestingKit.framework in Frameworks */ = {isa = PBXBuildFile; fileRef = 5DD7E60E16FB65E70025E88D /* SenTestingKit.framework */; };
		5DD7E61116FB65E70025E88D /* Cocoa.framework in Frameworks */ = {isa = PBXBuildFile; fileRef = 5DD7E61016FB65E70025E88D /* Cocoa.framework */; };
		5DD7E61B16FB65E70025E88D /* InfoPlist.strings in Resources */ = {isa = PBXBuildFile; fileRef = 5DD7E61916FB65E70025E88D /* InfoPlist.strings */; };
		5DD7E62516FB665A0025E88D /* DocoptTestCasesTests.m in Sources */ = {isa = PBXBuildFile; fileRef = 5DD7E62416FB665A0025E88D /* DocoptTestCasesTests.m */; };
		5DD7E62816FB6C230025E88D /* DocoptTestCaseParser.m in Sources */ = {isa = PBXBuildFile; fileRef = 5DD7E62716FB6C230025E88D /* DocoptTestCaseParser.m */; };
		5DD7E67116FCA3910025E88D /* DocoptTestCase.m in Sources */ = {isa = PBXBuildFile; fileRef = 5DD7E67016FCA3910025E88D /* DocoptTestCase.m */; };
		5DD7E67416FCB5B70025E88D /* Docopt.m in Sources */ = {isa = PBXBuildFile; fileRef = 5DD7E67316FCB5B70025E88D /* Docopt.m */; };
		5DD7E67516FCB80F0025E88D /* Docopt.m in Sources */ = {isa = PBXBuildFile; fileRef = 5DD7E67316FCB5B70025E88D /* Docopt.m */; };
/* End PBXBuildFile section */

/* Begin PBXCopyFilesBuildPhase section */
		188A8579AEE7AFCEBEFED4B5 /* CopyFiles */ = {
			isa = PBXCopyFilesBuildPhase;
			buildActionMask = 2147483647;
			dstPath = /usr/share/man/man1/;
			dstSubfolderSpec = 0;
			files = (
			);
			runOnlyForDeploymentPostprocessing = 1;
		};
/* End PBXCopyFilesBuildPhase section */

/* Begin PBXFileReference section */
		188A803AFE614DBA882F594B /* docopt-Prefix.pch */ = {isa = PBXFileReference; lastKnownFileType = sourcecode.c.h; path = "docopt-Prefix.pch"; sourceTree = "<group>"; };
		188A81B9E756AFFBE535000F /* Foundation.framework */ = {isa = PBXFileReference; lastKnownFileType = wrapper.framework; name = Foundation.framework; path = System/Library/Frameworks/Foundation.framework; sourceTree = SDKROOT; };
		188A870C9BA43CD2D2CD49B9 /* main.m */ = {isa = PBXFileReference; lastKnownFileType = sourcecode.c.objc; path = main.m; sourceTree = "<group>"; };
		188A872ECB2980CD87AD8A1E /* docopt */ = {isa = PBXFileReference; explicitFileType = "compiled.mach-o.executable"; includeInIndex = 0; path = docopt; sourceTree = BUILT_PRODUCTS_DIR; };
		188A88CB47029D582FFDE897 /* docopt.1 */ = {isa = PBXFileReference; lastKnownFileType = text.man; path = docopt.1; sourceTree = "<group>"; };
		5DD7E60D16FB65E70025E88D /* DocoptTests.octest */ = {isa = PBXFileReference; explicitFileType = wrapper.cfbundle; includeInIndex = 0; path = DocoptTests.octest; sourceTree = BUILT_PRODUCTS_DIR; };
		5DD7E60E16FB65E70025E88D /* SenTestingKit.framework */ = {isa = PBXFileReference; lastKnownFileType = wrapper.framework; name = SenTestingKit.framework; path = Library/Frameworks/SenTestingKit.framework; sourceTree = DEVELOPER_DIR; };
		5DD7E61016FB65E70025E88D /* Cocoa.framework */ = {isa = PBXFileReference; lastKnownFileType = wrapper.framework; name = Cocoa.framework; path = Library/Frameworks/Cocoa.framework; sourceTree = DEVELOPER_DIR; };
		5DD7E61316FB65E70025E88D /* AppKit.framework */ = {isa = PBXFileReference; lastKnownFileType = wrapper.framework; name = AppKit.framework; path = Library/Frameworks/AppKit.framework; sourceTree = SDKROOT; };
		5DD7E61416FB65E70025E88D /* CoreData.framework */ = {isa = PBXFileReference; lastKnownFileType = wrapper.framework; name = CoreData.framework; path = Library/Frameworks/CoreData.framework; sourceTree = SDKROOT; };
		5DD7E61516FB65E70025E88D /* Foundation.framework */ = {isa = PBXFileReference; lastKnownFileType = wrapper.framework; name = Foundation.framework; path = Library/Frameworks/Foundation.framework; sourceTree = SDKROOT; };
		5DD7E61816FB65E70025E88D /* DocoptTests-Info.plist */ = {isa = PBXFileReference; lastKnownFileType = text.plist.xml; path = "DocoptTests-Info.plist"; sourceTree = "<group>"; };
		5DD7E61A16FB65E70025E88D /* en */ = {isa = PBXFileReference; lastKnownFileType = text.plist.strings; name = en; path = en.lproj/InfoPlist.strings; sourceTree = "<group>"; };
		5DD7E61F16FB65E70025E88D /* DocoptTests-Prefix.pch */ = {isa = PBXFileReference; lastKnownFileType = sourcecode.c.h; path = "DocoptTests-Prefix.pch"; sourceTree = "<group>"; };
		5DD7E62316FB665A0025E88D /* DocoptTestCasesTests.h */ = {isa = PBXFileReference; fileEncoding = 4; lastKnownFileType = sourcecode.c.h; path = DocoptTestCasesTests.h; sourceTree = "<group>"; };
		5DD7E62416FB665A0025E88D /* DocoptTestCasesTests.m */ = {isa = PBXFileReference; fileEncoding = 4; lastKnownFileType = sourcecode.c.objc; path = DocoptTestCasesTests.m; sourceTree = "<group>"; };
		5DD7E62616FB6C230025E88D /* DocoptTestCaseParser.h */ = {isa = PBXFileReference; fileEncoding = 4; lastKnownFileType = sourcecode.c.h; path = DocoptTestCaseParser.h; sourceTree = "<group>"; };
		5DD7E62716FB6C230025E88D /* DocoptTestCaseParser.m */ = {isa = PBXFileReference; fileEncoding = 4; lastKnownFileType = sourcecode.c.objc; path = DocoptTestCaseParser.m; sourceTree = "<group>"; };
		5DD7E66F16FCA3910025E88D /* DocoptTestCase.h */ = {isa = PBXFileReference; fileEncoding = 4; lastKnownFileType = sourcecode.c.h; path = DocoptTestCase.h; sourceTree = "<group>"; };
		5DD7E67016FCA3910025E88D /* DocoptTestCase.m */ = {isa = PBXFileReference; fileEncoding = 4; lastKnownFileType = sourcecode.c.objc; path = DocoptTestCase.m; sourceTree = "<group>"; };
		5DD7E67216FCB5B70025E88D /* Docopt.h */ = {isa = PBXFileReference; fileEncoding = 4; lastKnownFileType = sourcecode.c.h; path = Docopt.h; sourceTree = "<group>"; };
		5DD7E67316FCB5B70025E88D /* Docopt.m */ = {isa = PBXFileReference; fileEncoding = 4; lastKnownFileType = sourcecode.c.objc; path = Docopt.m; sourceTree = "<group>"; };
/* End PBXFileReference section */

/* Begin PBXFrameworksBuildPhase section */
		188A84774F6AD9CEE7F85062 /* Frameworks */ = {
			isa = PBXFrameworksBuildPhase;
			buildActionMask = 2147483647;
			files = (
				188A8284BD225A95386F83EB /* Foundation.framework in Frameworks */,
			);
			runOnlyForDeploymentPostprocessing = 0;
		};
		5DD7E60916FB65E70025E88D /* Frameworks */ = {
			isa = PBXFrameworksBuildPhase;
			buildActionMask = 2147483647;
			files = (
				5DD7E60F16FB65E70025E88D /* SenTestingKit.framework in Frameworks */,
				5DD7E61116FB65E70025E88D /* Cocoa.framework in Frameworks */,
			);
			runOnlyForDeploymentPostprocessing = 0;
		};
/* End PBXFrameworksBuildPhase section */

/* Begin PBXGroup section */
		188A82079A89CB9D0BDECD4A /* docopt */ = {
			isa = PBXGroup;
			children = (
				188A870C9BA43CD2D2CD49B9 /* main.m */,
				188A88CB47029D582FFDE897 /* docopt.1 */,
				5DD7E67216FCB5B70025E88D /* Docopt.h */,
				5DD7E67316FCB5B70025E88D /* Docopt.m */,
				188A8B744A431F0B485DDC66 /* Supporting Files */,
			);
			path = docopt;
			sourceTree = "<group>";
		};
		188A82ACB5DAB0897D952DFB /* Frameworks */ = {
			isa = PBXGroup;
			children = (
				188A81B9E756AFFBE535000F /* Foundation.framework */,
				5DD7E60E16FB65E70025E88D /* SenTestingKit.framework */,
				5DD7E61016FB65E70025E88D /* Cocoa.framework */,
				5DD7E61216FB65E70025E88D /* Other Frameworks */,
			);
			name = Frameworks;
			sourceTree = "<group>";
		};
		188A83272E0253B219D8C9B0 = {
			isa = PBXGroup;
			children = (
				188A82079A89CB9D0BDECD4A /* docopt */,
				5DD7E61616FB65E70025E88D /* DocoptTests */,
				188A87F0B30A93562362143C /* Products */,
				188A82ACB5DAB0897D952DFB /* Frameworks */,
			);
			sourceTree = "<group>";
		};
		188A87F0B30A93562362143C /* Products */ = {
			isa = PBXGroup;
			children = (
				188A872ECB2980CD87AD8A1E /* docopt */,
				5DD7E60D16FB65E70025E88D /* DocoptTests.octest */,
			);
			name = Products;
			sourceTree = "<group>";
		};
		188A8B744A431F0B485DDC66 /* Supporting Files */ = {
			isa = PBXGroup;
			children = (
				188A803AFE614DBA882F594B /* docopt-Prefix.pch */,
			);
			name = "Supporting Files";
			sourceTree = "<group>";
		};
		5DD7E61216FB65E70025E88D /* Other Frameworks */ = {
			isa = PBXGroup;
			children = (
				5DD7E61316FB65E70025E88D /* AppKit.framework */,
				5DD7E61416FB65E70025E88D /* CoreData.framework */,
				5DD7E61516FB65E70025E88D /* Foundation.framework */,
			);
			name = "Other Frameworks";
			sourceTree = "<group>";
		};
		5DD7E61616FB65E70025E88D /* DocoptTests */ = {
			isa = PBXGroup;
			children = (
				5DD7E62316FB665A0025E88D /* DocoptTestCasesTests.h */,
				5DD7E62416FB665A0025E88D /* DocoptTestCasesTests.m */,
				5DD7E62616FB6C230025E88D /* DocoptTestCaseParser.h */,
				5DD7E62716FB6C230025E88D /* DocoptTestCaseParser.m */,
				5DD7E66F16FCA3910025E88D /* DocoptTestCase.h */,
				5DD7E67016FCA3910025E88D /* DocoptTestCase.m */,
				5DD7E61716FB65E70025E88D /* Supporting Files */,
			);
			path = DocoptTests;
			sourceTree = "<group>";
		};
		5DD7E61716FB65E70025E88D /* Supporting Files */ = {
			isa = PBXGroup;
			children = (
				5DD7E61816FB65E70025E88D /* DocoptTests-Info.plist */,
				5DD7E61916FB65E70025E88D /* InfoPlist.strings */,
				5DD7E61F16FB65E70025E88D /* DocoptTests-Prefix.pch */,
			);
			name = "Supporting Files";
			sourceTree = "<group>";
		};
/* End PBXGroup section */

/* Begin PBXNativeTarget section */
		188A82BD85A01E95A51DEC57 /* docopt */ = {
			isa = PBXNativeTarget;
			buildConfigurationList = 188A80B7C39F874B243232DC /* Build configuration list for PBXNativeTarget "docopt" */;
			buildPhases = (
				188A89C57F16307DF6345E01 /* Sources */,
				188A84774F6AD9CEE7F85062 /* Frameworks */,
				188A8579AEE7AFCEBEFED4B5 /* CopyFiles */,
			);
			buildRules = (
			);
			dependencies = (
			);
			name = docopt;
			productName = docopt;
			productReference = 188A872ECB2980CD87AD8A1E /* docopt */;
			productType = "com.apple.product-type.tool";
		};
		5DD7E60C16FB65E70025E88D /* DocoptTests */ = {
			isa = PBXNativeTarget;
			buildConfigurationList = 5DD7E62216FB65E70025E88D /* Build configuration list for PBXNativeTarget "DocoptTests" */;
			buildPhases = (
				5DD7E60816FB65E70025E88D /* Sources */,
				5DD7E60916FB65E70025E88D /* Frameworks */,
				5DD7E60A16FB65E70025E88D /* Resources */,
				5DD7E60B16FB65E70025E88D /* ShellScript */,
			);
			buildRules = (
			);
			dependencies = (
			);
			name = DocoptTests;
			productName = DocoptTests;
			productReference = 5DD7E60D16FB65E70025E88D /* DocoptTests.octest */;
			productType = "com.apple.product-type.bundle";
		};
/* End PBXNativeTarget section */

/* Begin PBXProject section */
		188A88625BB5DAB8FCA575C1 /* Project object */ = {
			isa = PBXProject;
			buildConfigurationList = 188A8F85A7DBA630B3894ECA /* Build configuration list for PBXProject "docopt" */;
			compatibilityVersion = "Xcode 3.2";
			developmentRegion = English;
			hasScannedForEncodings = 0;
			knownRegions = (
				en,
			);
			mainGroup = 188A83272E0253B219D8C9B0;
			productRefGroup = 188A87F0B30A93562362143C /* Products */;
			projectDirPath = "";
			projectRoot = "";
			targets = (
				188A82BD85A01E95A51DEC57 /* docopt */,
				5DD7E60C16FB65E70025E88D /* DocoptTests */,
			);
		};
/* End PBXProject section */

/* Begin PBXResourcesBuildPhase section */
		5DD7E60A16FB65E70025E88D /* Resources */ = {
			isa = PBXResourcesBuildPhase;
			buildActionMask = 2147483647;
			files = (
				5DD7E61B16FB65E70025E88D /* InfoPlist.strings in Resources */,
			);
			runOnlyForDeploymentPostprocessing = 0;
		};
/* End PBXResourcesBuildPhase section */

/* Begin PBXShellScriptBuildPhase section */
		5DD7E60B16FB65E70025E88D /* ShellScript */ = {
			isa = PBXShellScriptBuildPhase;
			buildActionMask = 2147483647;
			files = (
			);
			inputPaths = (
			);
			outputPaths = (
			);
			runOnlyForDeploymentPostprocessing = 0;
			shellPath = /bin/sh;
			shellScript = "# Run the unit tests in this test bundle.\n\"${SYSTEM_DEVELOPER_DIR}/Tools/RunUnitTests\"\n";
		};
/* End PBXShellScriptBuildPhase section */

/* Begin PBXSourcesBuildPhase section */
		188A89C57F16307DF6345E01 /* Sources */ = {
			isa = PBXSourcesBuildPhase;
			buildActionMask = 2147483647;
			files = (
				188A8C6CCAB8F4094C275428 /* main.m in Sources */,
				5DD7E67416FCB5B70025E88D /* Docopt.m in Sources */,
			);
			runOnlyForDeploymentPostprocessing = 0;
		};
		5DD7E60816FB65E70025E88D /* Sources */ = {
			isa = PBXSourcesBuildPhase;
			buildActionMask = 2147483647;
			files = (
				5DD7E62516FB665A0025E88D /* DocoptTestCasesTests.m in Sources */,
				5DD7E62816FB6C230025E88D /* DocoptTestCaseParser.m in Sources */,
				5DD7E67116FCA3910025E88D /* DocoptTestCase.m in Sources */,
				5DD7E67516FCB80F0025E88D /* Docopt.m in Sources */,
			);
			runOnlyForDeploymentPostprocessing = 0;
		};
/* End PBXSourcesBuildPhase section */

/* Begin PBXVariantGroup section */
		5DD7E61916FB65E70025E88D /* InfoPlist.strings */ = {
			isa = PBXVariantGroup;
			children = (
				5DD7E61A16FB65E70025E88D /* en */,
			);
			name = InfoPlist.strings;
			sourceTree = "<group>";
		};
/* End PBXVariantGroup section */

/* Begin XCBuildConfiguration section */
		188A88D48DC247DC3EA9C011 /* Release */ = {
			isa = XCBuildConfiguration;
			buildSettings = {
				GCC_PRECOMPILE_PREFIX_HEADER = YES;
				GCC_PREFIX_HEADER = "docopt/docopt-Prefix.pch";
				PRODUCT_NAME = "$(TARGET_NAME)";
			};
			name = Release;
		};
		188A89099826F8610FFC3EF1 /* Debug */ = {
			isa = XCBuildConfiguration;
			buildSettings = {
				GCC_PRECOMPILE_PREFIX_HEADER = YES;
				GCC_PREFIX_HEADER = "docopt/docopt-Prefix.pch";
				PRODUCT_NAME = "$(TARGET_NAME)";
			};
			name = Debug;
		};
		188A8A19CFE75D90F6DD7A7A /* Release */ = {
			isa = XCBuildConfiguration;
			buildSettings = {
				ALWAYS_SEARCH_USER_PATHS = NO;
				ARCHS = "$(ARCHS_STANDARD_64_BIT)";
				CLANG_CXX_LANGUAGE_STANDARD = "gnu++0x";
				CLANG_CXX_LIBRARY = "libc++";
				CLANG_ENABLE_OBJC_ARC = YES;
				CLANG_WARN_CONSTANT_CONVERSION = YES;
				CLANG_WARN_EMPTY_BODY = YES;
				CLANG_WARN_ENUM_CONVERSION = YES;
				CLANG_WARN_INT_CONVERSION = YES;
				CLANG_WARN__DUPLICATE_METHOD_MATCH = YES;
				COPY_PHASE_STRIP = YES;
				DEBUG_INFORMATION_FORMAT = "dwarf-with-dsym";
				GCC_C_LANGUAGE_STANDARD = gnu99;
				GCC_ENABLE_OBJC_EXCEPTIONS = YES;
				GCC_WARN_64_TO_32_BIT_CONVERSION = YES;
				GCC_WARN_ABOUT_RETURN_TYPE = YES;
				GCC_WARN_UNINITIALIZED_AUTOS = YES;
				GCC_WARN_UNUSED_VARIABLE = YES;
				MACOSX_DEPLOYMENT_TARGET = 10.8;
				SDKROOT = macosx;
			};
			name = Release;
		};
		188A8DE41B98BF3785606083 /* Debug */ = {
			isa = XCBuildConfiguration;
			buildSettings = {
				ALWAYS_SEARCH_USER_PATHS = NO;
				ARCHS = "$(ARCHS_STANDARD_64_BIT)";
				CLANG_CXX_LANGUAGE_STANDARD = "gnu++0x";
				CLANG_CXX_LIBRARY = "libc++";
				CLANG_ENABLE_OBJC_ARC = YES;
				CLANG_WARN_CONSTANT_CONVERSION = YES;
				CLANG_WARN_EMPTY_BODY = YES;
				CLANG_WARN_ENUM_CONVERSION = YES;
				CLANG_WARN_INT_CONVERSION = YES;
				CLANG_WARN__DUPLICATE_METHOD_MATCH = YES;
				COPY_PHASE_STRIP = NO;
				GCC_C_LANGUAGE_STANDARD = gnu99;
				GCC_DYNAMIC_NO_PIC = NO;
				GCC_ENABLE_OBJC_EXCEPTIONS = YES;
				GCC_OPTIMIZATION_LEVEL = 0;
				GCC_PREPROCESSOR_DEFINITIONS = (
					"DEBUG=1",
					"$(inherited)",
				);
				GCC_SYMBOLS_PRIVATE_EXTERN = NO;
				GCC_WARN_64_TO_32_BIT_CONVERSION = YES;
				GCC_WARN_ABOUT_RETURN_TYPE = YES;
				GCC_WARN_UNINITIALIZED_AUTOS = YES;
				GCC_WARN_UNUSED_VARIABLE = YES;
				MACOSX_DEPLOYMENT_TARGET = 10.8;
				ONLY_ACTIVE_ARCH = YES;
				SDKROOT = macosx;
			};
			name = Debug;
		};
		5DD7E62016FB65E70025E88D /* Release */ = {
			isa = XCBuildConfiguration;
			buildSettings = {
				COMBINE_HIDPI_IMAGES = YES;
				FRAMEWORK_SEARCH_PATHS = "\"$(DEVELOPER_LIBRARY_DIR)/Frameworks\"";
				GCC_PRECOMPILE_PREFIX_HEADER = YES;
				GCC_PREFIX_HEADER = "DocoptTests/DocoptTests-Prefix.pch";
				INFOPLIST_FILE = "DocoptTests/DocoptTests-Info.plist";
				PRODUCT_NAME = "$(TARGET_NAME)";
				WRAPPER_EXTENSION = octest;
			};
			name = Release;
		};
		5DD7E62116FB65E70025E88D /* Debug */ = {
			isa = XCBuildConfiguration;
			buildSettings = {
				COMBINE_HIDPI_IMAGES = YES;
				FRAMEWORK_SEARCH_PATHS = "\"$(DEVELOPER_LIBRARY_DIR)/Frameworks\"";
				GCC_PRECOMPILE_PREFIX_HEADER = YES;
				GCC_PREFIX_HEADER = "DocoptTests/DocoptTests-Prefix.pch";
				INFOPLIST_FILE = "DocoptTests/DocoptTests-Info.plist";
				PRODUCT_NAME = "$(TARGET_NAME)";
				WRAPPER_EXTENSION = octest;
			};
			name = Debug;
		};
/* End XCBuildConfiguration section */

/* Begin XCConfigurationList section */
		188A80B7C39F874B243232DC /* Build configuration list for PBXNativeTarget "docopt" */ = {
			isa = XCConfigurationList;
			buildConfigurations = (
				188A88D48DC247DC3EA9C011 /* Release */,
				188A89099826F8610FFC3EF1 /* Debug */,
			);
			defaultConfigurationIsVisible = 0;
			defaultConfigurationName = Release;
		};
		188A8F85A7DBA630B3894ECA /* Build configuration list for PBXProject "docopt" */ = {
			isa = XCConfigurationList;
			buildConfigurations = (
				188A8A19CFE75D90F6DD7A7A /* Release */,
				188A8DE41B98BF3785606083 /* Debug */,
			);
			defaultConfigurationIsVisible = 0;
			defaultConfigurationName = Release;
		};
		5DD7E62216FB65E70025E88D /* Build configuration list for PBXNativeTarget "DocoptTests" */ = {
			isa = XCConfigurationList;
			buildConfigurations = (
				5DD7E62016FB65E70025E88D /* Release */,
				5DD7E62116FB65E70025E88D /* Debug */,
			);
			defaultConfigurationIsVisible = 0;
		};
/* End XCConfigurationList section */
	};
	rootObject = 188A88625BB5DAB8FCA575C1 /* Project object */;
}
